
Microsoft Visual Studio Solution File, Format Version 12.00
Project("{FAE04EC0-301F-11D3-BF4B-00C04F79EFBC}") = "multithreads", "multithreads\multithreads.csproj", "{59EB068F-5601-4BD7-A600-70910BF26D14}"
EndProject
Project("{2150E333-8FDC-42A3-9474-1A3956D46DE8}") = "files", "files", "{A49F861C-5EB4-414F-88AB-FEF320D447D2}"
EndProject
Global
	GlobalSection(SolutionConfigurationPlatforms) = preSolution
		Debug|Any CPU = Debug|Any CPU
		Release|Any CPU = Release|Any CPU
	EndGlobalSection
	GlobalSection(ProjectConfigurationPlatforms) = postSolution
		{59EB068F-5601-4BD7-A600-70910BF26D14}.Debug|Any CPU.ActiveCfg = Debug|Any CPU
		{59EB068F-5601-4BD7-A600-70910BF26D14}.Debug|Any CPU.Build.0 = Debug|Any CPU
		{59EB068F-5601-4BD7-A600-70910BF26D14}.Release|Any CPU.ActiveCfg = Release|Any CPU
		{59EB068F-5601-4BD7-A600-70910BF26D14}.Release|Any CPU.Build.0 = Release|Any CPU
	EndGlobalSection
EndGlobal
